<?xml version="1.0" encoding="utf-8"?>
<Project ToolsVersion="4.0" xmlns="http://schemas.microsoft.com/developer/msbuild/2003">
  <ItemGroup>
    <Filter Include="Source Files">
      <UniqueIdentifier>{4FC737F1-C7A5-4376-A066-2A32D752A2FF}</UniqueIdentifier>
      <Extensions>cpp;c;cc;cxx;c++;cppm;ixx;def;odl;idl;hpj;bat;asm;asmx</Extensions>
    </Filter>
    <Filter Include="Header Files">
      <UniqueIdentifier>{93995380-89BD-4b04-88EB-625FBE52EBFB}</UniqueIdentifier>
      <Extensions>h;hh;hpp;hxx;h++;hm;inl;inc;ipp;xsd</Extensions>
    </Filter>
    <Filter Include="Resource Files">
      <UniqueIdentifier>{67DA6AB6-F800-4c08-8B7A-83BB121AAD01}</UniqueIdentifier>
      <Extensions>rc;ico;cur;bmp;dlg;rc2;rct;bin;rgs;gif;jpg;jpeg;jpe;resx;tiff;tif;png;wav;mfcribbon-ms</Extensions>
    </Filter>
    <Filter Include="ImGui">
      <UniqueIdentifier>{08728840-bcc7-40f7-a419-c8fb712068a6}</UniqueIdentifier>
    </Filter>
    <Filter Include="ImGui\backends">
      <UniqueIdentifier>{5e9e8ae4-1a66-4e9e-8b5a-ff2e04ef0021}</UniqueIdentifier>
    </Filter>
    <Filter Include="ImGui\misc">
      <UniqueIdentifier>{622648ac-38c0-4c8a-b926-b1ac16c0ffc3}</UniqueIdentifier>
    </Filter>
    <Filter Include="xdelta3">
      <UniqueIdentifier>{a5ac9002-c6a1-46a7-9148-b92c30d3ea73}</UniqueIdentifier>
    </Filter>
  </ItemGroup>
  <ItemGroup>
    <ClCompile Include="main.cpp">
      <Filter>Source Files</Filter>
    </ClCompile>
    <ClCompile Include="..\..\externals\imgui\imgui.cpp">
      <Filter>ImGui</Filter>
    </ClCompile>
    <ClCompile Include="..\..\externals\imgui\imgui_demo.cpp">
      <Filter>ImGui</Filter>
    </ClCompile>
    <ClCompile Include="..\..\externals\imgui\imgui_draw.cpp">
      <Filter>ImGui</Filter>
    </ClCompile>
    <ClCompile Include="..\..\externals\imgui\imgui_tables.cpp">
      <Filter>ImGui</Filter>
    </ClCompile>
    <ClCompile Include="..\..\externals\imgui\imgui_widgets.cpp">
      <Filter>ImGui</Filter>
    </ClCompile>
    <ClCompile Include="..\..\externals\imgui\backends\imgui_impl_opengl3.cpp">
      <Filter>ImGui\backends</Filter>
    </ClCompile>
    <ClCompile Include="..\..\externals\imgui\backends\imgui_impl_sdl2.cpp">
      <Filter>ImGui\backends</Filter>
    </ClCompile>
    <ClCompile Include="app.cpp">
      <Filter>Source Files</Filter>
    </ClCompile>
    <ClCompile Include="ui.cpp">
      <Filter>Source Files</Filter>
    </ClCompile>
    <ClCompile Include="dataManager.cpp">
      <Filter>Source Files</Filter>
    </ClCompile>
    <ClCompile Include="..\..\externals\imgui\misc\cpp\imgui_stdlib.cpp">
      <Filter>ImGui\misc</Filter>
    </ClCompile>
    <ClCompile Include="requests.cpp">
      <Filter>Source Files</Filter>
    </ClCompile>
    <ClCompile Include="patch.cpp">
      <Filter>Source Files</Filter>
    </ClCompile>
    <ClCompile Include="io.cpp">
      <Filter>Source Files</Filter>
    </ClCompile>
    <ClCompile Include="third_party\xdelta3\xdelta3.c">
      <Filter>xdelta3</Filter>
    </ClCompile>
    <ClCompile Include="updater.cpp">
      <Filter>Source Files</Filter>
    </ClCompile>
  </ItemGroup>
  <ItemGroup>
    <ClInclude Include="app.h">
      <Filter>Header Files</Filter>
    </ClInclude>
    <ClInclude Include="ui.h">
      <Filter>Header Files</Filter>
    </ClInclude>
    <ClInclude Include="dataManager.h">
      <Filter>Header Files</Filter>
    </ClInclude>
    <ClInclude Include="IconsFontAwesome6.h">
      <Filter>Header Files</Filter>
    </ClInclude>
    <ClInclude Include="requests.h">
      <Filter>Header Files</Filter>
    </ClInclude>
    <ClInclude Include="patch.h">
      <Filter>Header Files</Filter>
    </ClInclude>
    <ClInclude Include="io.h">
      <Filter>Header Files</Filter>
    </ClInclude>
    <ClInclude Include="updater.h">
      <Filter>Header Files</Filter>
    </ClInclude>
  </ItemGroup>
  <ItemGroup>
    <None Include="packages.config" />
  </ItemGroup>
</Project>